
Microsoft Visual Studio Solution File, Format Version 12.00
# Visual Studio Version 17
VisualStudioVersion = 17.6.33829.357
MinimumVisualStudioVersion = 10.0.40219.1
Project("{FAE04EC0-301F-11D3-BF4B-00C04F79EFBC}") = "Clase1", "Clase1.csproj", "{1A9CD332-E0B2-4D70-A330-EDC3800F2081}"
EndProject
Project("{FAE04EC0-301F-11D3-BF4B-00C04F79EFBC}") = "Clase2", "..\Clase2\Clase2.csproj", "{565E9FDB-FC90-4B6A-9357-AEDBB4933630}"
EndProject
Project("{FAE04EC0-301F-11D3-BF4B-00C04F79EFBC}") = "Clase3", "..\Clase3\Clase3.csproj", "{C5986300-D380-4367-91B4-B23D6EE86D31}"
EndProject
Global
	GlobalSection(SolutionConfigurationPlatforms) = preSolution
		Debug|Any CPU = Debug|Any CPU
		Release|Any CPU = Release|Any CPU
	EndGlobalSection
	GlobalSection(ProjectConfigurationPlatforms) = postSolution
		{1A9CD332-E0B2-4D70-A330-EDC3800F2081}.Debug|Any CPU.ActiveCfg = Debug|Any CPU
		{1A9CD332-E0B2-4D70-A330-EDC3800F2081}.Debug|Any CPU.Build.0 = Debug|Any CPU
		{1A9CD332-E0B2-4D70-A330-EDC3800F2081}.Release|Any CPU.ActiveCfg = Release|Any CPU
		{1A9CD332-E0B2-4D70-A330-EDC3800F2081}.Release|Any CPU.Build.0 = Release|Any CPU
		{565E9FDB-FC90-4B6A-9357-AEDBB4933630}.Debug|Any CPU.ActiveCfg = Debug|Any CPU
		{565E9FDB-FC90-4B6A-9357-AEDBB4933630}.Debug|Any CPU.Build.0 = Debug|Any CPU
		{565E9FDB-FC90-4B6A-9357-AEDBB4933630}.Release|Any CPU.ActiveCfg = Release|Any CPU
		{565E9FDB-FC90-4B6A-9357-AEDBB4933630}.Release|Any CPU.Build.0 = Release|Any CPU
		{C5986300-D380-4367-91B4-B23D6EE86D31}.Debug|Any CPU.ActiveCfg = Debug|Any CPU
		{C5986300-D380-4367-91B4-B23D6EE86D31}.Debug|Any CPU.Build.0 = Debug|Any CPU
		{C5986300-D380-4367-91B4-B23D6EE86D31}.Release|Any CPU.ActiveCfg = Release|Any CPU
		{C5986300-D380-4367-91B4-B23D6EE86D31}.Release|Any CPU.Build.0 = Release|Any CPU
	EndGlobalSection
	GlobalSection(SolutionProperties) = preSolution
		HideSolutionNode = FALSE
	EndGlobalSection
	GlobalSection(ExtensibilityGlobals) = postSolution
		SolutionGuid = {67623E7B-F8FC-4F68-B6FA-391174320B4C}
	EndGlobalSection
EndGlobal
